
Microsoft Visual Studio Solution File, Format Version 12.00
# Visual Studio Version 17
VisualStudioVersion = 17.14.36414.22 d17.14
MinimumVisualStudioVersion = 10.0.40219.1
Project("{FAE04EC0-301F-11D3-BF4B-00C04F79EFBC}") = "osztaly", "osztaly.csproj", "{7BCBE1FA-06CF-4D2E-8803-BE1CBD6A6D1F}"
EndProject
Global
	GlobalSection(SolutionConfigurationPlatforms) = preSolution
		Debug|Any CPU = Debug|Any CPU
		Release|Any CPU = Release|Any CPU
	EndGlobalSection
	GlobalSection(ProjectConfigurationPlatforms) = postSolution
		{7BCBE1FA-06CF-4D2E-8803-BE1CBD6A6D1F}.Debug|Any CPU.ActiveCfg = Debug|Any CPU
		{7BCBE1FA-06CF-4D2E-8803-BE1CBD6A6D1F}.Debug|Any CPU.Build.0 = Debug|Any CPU
		{7BCBE1FA-06CF-4D2E-8803-BE1CBD6A6D1F}.Release|Any CPU.ActiveCfg = Release|Any CPU
		{7BCBE1FA-06CF-4D2E-8803-BE1CBD6A6D1F}.Release|Any CPU.Build.0 = Release|Any CPU
	EndGlobalSection
	GlobalSection(SolutionProperties) = preSolution
		HideSolutionNode = FALSE
	EndGlobalSection
	GlobalSection(ExtensibilityGlobals) = postSolution
		SolutionGuid = {3663C247-78F6-4846-822A-F9243486AD82}
	EndGlobalSection
EndGlobal
